
Microsoft Visual Studio Solution File, Format Version 12.00
# Visual Studio Version 16
VisualStudioVersion = 16.0.29215.179
MinimumVisualStudioVersion = 10.0.40219.1
Project("{FAE04EC0-301F-11D3-BF4B-00C04F79EFBC}") = "MyFirstGame", "MyFirstGame\MyFirstGame.csproj", "{05AF16DD-55A8-4E7D-AA09-2DCF7C9977DA}"
EndProject
Global
	GlobalSection(SolutionConfigurationPlatforms) = preSolution
		Debug|Any CPU = Debug|Any CPU
		Release|Any CPU = Release|Any CPU
	EndGlobalSection
	GlobalSection(ProjectConfigurationPlatforms) = postSolution
		{05AF16DD-55A8-4E7D-AA09-2DCF7C9977DA}.Debug|Any CPU.ActiveCfg = Debug|Any CPU
		{05AF16DD-55A8-4E7D-AA09-2DCF7C9977DA}.Debug|Any CPU.Build.0 = Debug|Any CPU
		{05AF16DD-55A8-4E7D-AA09-2DCF7C9977DA}.Release|Any CPU.ActiveCfg = Release|Any CPU
		{05AF16DD-55A8-4E7D-AA09-2DCF7C9977DA}.Release|Any CPU.Build.0 = Release|Any CPU
	EndGlobalSection
	GlobalSection(SolutionProperties) = preSolution
		HideSolutionNode = FALSE
	EndGlobalSection
	GlobalSection(ExtensibilityGlobals) = postSolution
		SolutionGuid = {00AD07FA-6B52-44F0-98FA-D0A166E98001}
	EndGlobalSection
EndGlobal
